{
  "originHash" : "272133078aa0738d8669d3cc3ccfc2febf69dbf987df2f7f4795d7b684df2ffb",
  "pins" : [
    {
      "identity" : "agentaudit",
      "kind" : "remoteSourceControl",
      "location" : "https://github.com/AgentiLoop/AgentAudit.git",
      "state" : {
        "revision" : "71de8e1dbb06c6e927cf981ed71b3fe5d9987c18",
        "version" : "1.3.5"
      }
    },
    {
      "identity" : "axorcist",
      "kind" : "remoteSourceControl",
      "location" : "https://github.com/steipete/AXorcist.git",
      "state" : {
        "revision" : "eaf808877546228ee4b0a4e260083a9b938e567f",
        "version" : "0.1.10"
      }
    },
    {
      "identity" : "commander",
      "kind" : "remoteSourceControl",
      "location" : "https://github.com/steipete/Commander.git",
      "state" : {
        "revision" : "bd219c4ee9032fee3e009856f81fcc6ec09a85f4",
        "version" : "0.2.4"
      }
    },
    {
      "identity" : "swift-log",
      "kind" : "remoteSourceControl",
      "location" : "https://github.com/apple/swift-log.git",
      "state" : {
        "revision" : "9c6fb14227f55d8f711ce3847dc2f419fb0ecacb",
        "version" : "1.15.1"
      }
    }
  ],
  "version" : 3
}
